
Microsoft Visual Studio Solution File, Format Version 12.00
# Visual Studio Version 17
VisualStudioVersion = 17.14.36811.4
MinimumVisualStudioVersion = 10.0.40219.1
Project("{FAE04EC0-301F-11D3-BF4B-00C04F79EFBC}") = "StockTenDayLineWarning", "Stock_600549_10\StockTenDayLineWarning.csproj", "{DAD4BABC-0EB1-4600-814A-5B3BA04BFF61}"
EndProject
Global
	GlobalSection(SolutionConfigurationPlatforms) = preSolution
		Debug|Any CPU = Debug|Any CPU
		Release|Any CPU = Release|Any CPU
	EndGlobalSection
	GlobalSection(ProjectConfigurationPlatforms) = postSolution
		{DAD4BABC-0EB1-4600-814A-5B3BA04BFF61}.Debug|Any CPU.ActiveCfg = Debug|Any CPU
		{DAD4BABC-0EB1-4600-814A-5B3BA04BFF61}.Debug|Any CPU.Build.0 = Debug|Any CPU
		{DAD4BABC-0EB1-4600-814A-5B3BA04BFF61}.Release|Any CPU.ActiveCfg = Release|Any CPU
		{DAD4BABC-0EB1-4600-814A-5B3BA04BFF61}.Release|Any CPU.Build.0 = Release|Any CPU
	EndGlobalSection
	GlobalSection(SolutionProperties) = preSolution
		HideSolutionNode = FALSE
	EndGlobalSection
	GlobalSection(ExtensibilityGlobals) = postSolution
		SolutionGuid = {BAB670C4-C4FB-410B-BF17-F63B40D9D655}
	EndGlobalSection
EndGlobal
